
Microsoft Visual Studio Solution File, Format Version 12.00
# Visual Studio Version 16
VisualStudioVersion = 16.0.31313.79
MinimumVisualStudioVersion = 10.0.40219.1
Project("{FAE04EC0-301F-11D3-BF4B-00C04F79EFBC}") = "1.5 homework", "1.5 homework.csproj", "{E3603106-E362-4F2C-A586-0A62C665E056}"
EndProject
Global
	GlobalSection(SolutionConfigurationPlatforms) = preSolution
		Debug|Any CPU = Debug|Any CPU
		Release|Any CPU = Release|Any CPU
	EndGlobalSection
	GlobalSection(ProjectConfigurationPlatforms) = postSolution
		{E3603106-E362-4F2C-A586-0A62C665E056}.Debug|Any CPU.ActiveCfg = Debug|Any CPU
		{E3603106-E362-4F2C-A586-0A62C665E056}.Debug|Any CPU.Build.0 = Debug|Any CPU
		{E3603106-E362-4F2C-A586-0A62C665E056}.Release|Any CPU.ActiveCfg = Release|Any CPU
		{E3603106-E362-4F2C-A586-0A62C665E056}.Release|Any CPU.Build.0 = Release|Any CPU
	EndGlobalSection
	GlobalSection(SolutionProperties) = preSolution
		HideSolutionNode = FALSE
	EndGlobalSection
	GlobalSection(ExtensibilityGlobals) = postSolution
		SolutionGuid = {D873F02D-0DBD-4C88-8E22-048DB3A5C2E2}
	EndGlobalSection
EndGlobal
