
Microsoft Visual Studio Solution File, Format Version 12.00
# Visual Studio Version 16
VisualStudioVersion = 16.0.31313.79
MinimumVisualStudioVersion = 10.0.40219.1
Project("{FAE04EC0-301F-11D3-BF4B-00C04F79EFBC}") = "ConsoleApp1", "ConsoleApp1.csproj", "{7FE2192B-125E-4AFE-AE2A-8449262E018F}"
EndProject
Global
	GlobalSection(SolutionConfigurationPlatforms) = preSolution
		Debug|Any CPU = Debug|Any CPU
		Release|Any CPU = Release|Any CPU
	EndGlobalSection
	GlobalSection(ProjectConfigurationPlatforms) = postSolution
		{7FE2192B-125E-4AFE-AE2A-8449262E018F}.Debug|Any CPU.ActiveCfg = Debug|Any CPU
		{7FE2192B-125E-4AFE-AE2A-8449262E018F}.Debug|Any CPU.Build.0 = Debug|Any CPU
		{7FE2192B-125E-4AFE-AE2A-8449262E018F}.Release|Any CPU.ActiveCfg = Release|Any CPU
		{7FE2192B-125E-4AFE-AE2A-8449262E018F}.Release|Any CPU.Build.0 = Release|Any CPU
	EndGlobalSection
	GlobalSection(SolutionProperties) = preSolution
		HideSolutionNode = FALSE
	EndGlobalSection
	GlobalSection(ExtensibilityGlobals) = postSolution
		SolutionGuid = {958FD966-5B81-41B7-B8B5-5375DC5492B9}
	EndGlobalSection
EndGlobal
